
Microsoft Visual Studio Solution File, Format Version 12.00
# Visual Studio 14
VisualStudioVersion = 14.0.24720.0
MinimumVisualStudioVersion = 10.0.40219.1
Project("{FAE04EC0-301F-11D3-BF4B-00C04F79EFBC}") = "RandomNumberApp", "RandomNumberApp\RandomNumberApp.csproj", "{68071CA3-4F88-4443-AB8B-98BE9B7383E9}"
EndProject
Project("{FAE04EC0-301F-11D3-BF4B-00C04F79EFBC}") = "RandomNumberApp.Tests", "RandomNumberApp.Tests\RandomNumberApp.Tests.csproj", "{C3F3DF2D-CA70-4F25-A851-DFF700C0E129}"
EndProject
Global
	GlobalSection(SolutionConfigurationPlatforms) = preSolution
		Debug|Any CPU = Debug|Any CPU
		Release|Any CPU = Release|Any CPU
	EndGlobalSection
	GlobalSection(ProjectConfigurationPlatforms) = postSolution
		{68071CA3-4F88-4443-AB8B-98BE9B7383E9}.Debug|Any CPU.ActiveCfg = Debug|Any CPU
		{68071CA3-4F88-4443-AB8B-98BE9B7383E9}.Debug|Any CPU.Build.0 = Debug|Any CPU
		{68071CA3-4F88-4443-AB8B-98BE9B7383E9}.Release|Any CPU.ActiveCfg = Release|Any CPU
		{68071CA3-4F88-4443-AB8B-98BE9B7383E9}.Release|Any CPU.Build.0 = Release|Any CPU
		{C3F3DF2D-CA70-4F25-A851-DFF700C0E129}.Debug|Any CPU.ActiveCfg = Debug|Any CPU
		{C3F3DF2D-CA70-4F25-A851-DFF700C0E129}.Debug|Any CPU.Build.0 = Debug|Any CPU
		{C3F3DF2D-CA70-4F25-A851-DFF700C0E129}.Release|Any CPU.ActiveCfg = Release|Any CPU
		{C3F3DF2D-CA70-4F25-A851-DFF700C0E129}.Release|Any CPU.Build.0 = Release|Any CPU
	EndGlobalSection
	GlobalSection(SolutionProperties) = preSolution
		HideSolutionNode = FALSE
	EndGlobalSection
EndGlobal
